
Microsoft Visual Studio Solution File, Format Version 12.00
# Visual Studio 14
VisualStudioVersion = 14.0.25420.1
MinimumVisualStudioVersion = 10.0.40219.1
Project("{FAE04EC0-301F-11D3-BF4B-00C04F79EFBC}") = "ATM", "ATM\ATM.csproj", "{8C9CE45B-2505-414C-B218-13799071D291}"
EndProject
Project("{FAE04EC0-301F-11D3-BF4B-00C04F79EFBC}") = "ATM.Tests", "ATM.Tests\ATM.Tests.csproj", "{4E4EFD32-1D0C-4775-9120-70C998EFBA55}"
EndProject
Global
	GlobalSection(SolutionConfigurationPlatforms) = preSolution
		Debug|Any CPU = Debug|Any CPU
		Release|Any CPU = Release|Any CPU
	EndGlobalSection
	GlobalSection(ProjectConfigurationPlatforms) = postSolution
		{8C9CE45B-2505-414C-B218-13799071D291}.Debug|Any CPU.ActiveCfg = Debug|Any CPU
		{8C9CE45B-2505-414C-B218-13799071D291}.Debug|Any CPU.Build.0 = Debug|Any CPU
		{8C9CE45B-2505-414C-B218-13799071D291}.Release|Any CPU.ActiveCfg = Release|Any CPU
		{8C9CE45B-2505-414C-B218-13799071D291}.Release|Any CPU.Build.0 = Release|Any CPU
		{4E4EFD32-1D0C-4775-9120-70C998EFBA55}.Debug|Any CPU.ActiveCfg = Debug|Any CPU
		{4E4EFD32-1D0C-4775-9120-70C998EFBA55}.Debug|Any CPU.Build.0 = Debug|Any CPU
		{4E4EFD32-1D0C-4775-9120-70C998EFBA55}.Release|Any CPU.ActiveCfg = Release|Any CPU
		{4E4EFD32-1D0C-4775-9120-70C998EFBA55}.Release|Any CPU.Build.0 = Release|Any CPU
	EndGlobalSection
	GlobalSection(SolutionProperties) = preSolution
		HideSolutionNode = FALSE
	EndGlobalSection
EndGlobal
